
Microsoft Visual Studio Solution File, Format Version 12.00
# Visual Studio 2017
Project("{FAE04EC0-301F-11D3-BF4B-00C04F79EFBC}") = "2D Platformer(Test)", "2D Platformer(Test).csproj", "{FFDB268D-24AD-F1FF-35E5-6BF5689AA2A1}"
EndProject
Project("{FAE04EC0-301F-11D3-BF4B-00C04F79EFBC}") = "2D Platformer(Test).Editor", "2D Platformer(Test).Editor.csproj", "{4F644EBC-046C-3D75-F063-3BDF4AEB4F12}"
EndProject
Global
	GlobalSection(SolutionConfigurationPlatforms) = preSolution
		Debug|Any CPU = Debug|Any CPU
		Release|Any CPU = Release|Any CPU
	EndGlobalSection
	GlobalSection(ProjectConfigurationPlatforms) = postSolution
		{FFDB268D-24AD-F1FF-35E5-6BF5689AA2A1}.Debug|Any CPU.ActiveCfg = Debug|Any CPU
		{FFDB268D-24AD-F1FF-35E5-6BF5689AA2A1}.Debug|Any CPU.Build.0 = Debug|Any CPU
		{FFDB268D-24AD-F1FF-35E5-6BF5689AA2A1}.Release|Any CPU.ActiveCfg = Release|Any CPU
		{FFDB268D-24AD-F1FF-35E5-6BF5689AA2A1}.Release|Any CPU.Build.0 = Release|Any CPU
		{4F644EBC-046C-3D75-F063-3BDF4AEB4F12}.Debug|Any CPU.ActiveCfg = Debug|Any CPU
		{4F644EBC-046C-3D75-F063-3BDF4AEB4F12}.Debug|Any CPU.Build.0 = Debug|Any CPU
		{4F644EBC-046C-3D75-F063-3BDF4AEB4F12}.Release|Any CPU.ActiveCfg = Release|Any CPU
		{4F644EBC-046C-3D75-F063-3BDF4AEB4F12}.Release|Any CPU.Build.0 = Release|Any CPU
	EndGlobalSection
	GlobalSection(SolutionProperties) = preSolution
		HideSolutionNode = FALSE
	EndGlobalSection
EndGlobal
